// !$*UTF8*$!
{
	archiveVersion = 1;
	classes = {
	};
	objectVersion = 50;
	objects = {

/* Begin PBXBuildFile section */
		5B2A659A268A487800F25F8E /* QuickDecryption.swift in Sources */ = {isa = PBXBuildFile; fileRef = 5B2A6599268A487800F25F8E /* QuickDecryption.swift */; };
		5B54B15E273ADAE40066B1CD /* ChainGeneration.swift in Sources */ = {isa = PBXBuildFile; fileRef = 5B54B15D273ADAE40066B1CD /* ChainGeneration.swift */; };
		5B87318F26882D1000A75A3F /* README.md in Resources */ = {isa = PBXBuildFile; fileRef = 5B87318E26882D1000A75A3F /* README.md */; };
		5B8731942688EC0A00A75A3F /* CipherCall.swift in Sources */ = {isa = PBXBuildFile; fileRef = 5B8731932688EC0A00A75A3F /* CipherCall.swift */; };
		5B8731962688EC1400A75A3F /* CipherSend.swift in Sources */ = {isa = PBXBuildFile; fileRef = 5B8731952688EC1400A75A3F /* CipherSend.swift */; };
		5B8731982688F1B100A75A3F /* QuickEncrypt.swift in Sources */ = {isa = PBXBuildFile; fileRef = 5B8731972688F1B100A75A3F /* QuickEncrypt.swift */; };
		5B87319A2688FE0900A75A3F /* Settings.swift in Sources */ = {isa = PBXBuildFile; fileRef = 5B8731992688FE0900A75A3F /* Settings.swift */; };
		5B87319D2689488C00A75A3F /* Copy.swift in Sources */ = {isa = PBXBuildFile; fileRef = 5B87319C2689488C00A75A3F /* Copy.swift */; };
		5B8731A026896F4400A75A3F /* CipherChanger.swift in Sources */ = {isa = PBXBuildFile; fileRef = 5B87319F26896F4400A75A3F /* CipherChanger.swift */; };
		5BA09FAC2739BBA2000F6D8F /* ChainPasswordGenerator.swift in Sources */ = {isa = PBXBuildFile; fileRef = 5BA09FAB2739BBA2000F6D8F /* ChainPasswordGenerator.swift */; };
		5BE3AC9726857F4800F9CE22 /* AppDelegate.swift in Sources */ = {isa = PBXBuildFile; fileRef = 5BE3AC9626857F4800F9CE22 /* AppDelegate.swift */; };
		5BE3AC9926857F4800F9CE22 /* SceneDelegate.swift in Sources */ = {isa = PBXBuildFile; fileRef = 5BE3AC9826857F4800F9CE22 /* SceneDelegate.swift */; };
		5BE3AC9B26857F4800F9CE22 /* ViewController.swift in Sources */ = {isa = PBXBuildFile; fileRef = 5BE3AC9A26857F4800F9CE22 /* ViewController.swift */; };
		5BE3AC9E26857F4800F9CE22 /* Main.storyboard in Resources */ = {isa = PBXBuildFile; fileRef = 5BE3AC9C26857F4800F9CE22 /* Main.storyboard */; };
		5BE3ACA126857F4800F9CE22 /* PasswordProtector.xcdatamodeld in Sources */ = {isa = PBXBuildFile; fileRef = 5BE3AC9F26857F4800F9CE22 /* PasswordProtector.xcdatamodeld */; };
		5BE3ACA326857F4900F9CE22 /* Assets.xcassets in Resources */ = {isa = PBXBuildFile; fileRef = 5BE3ACA226857F4900F9CE22 /* Assets.xcassets */; };
		5BE3ACA626857F4900F9CE22 /* LaunchScreen.storyboard in Resources */ = {isa = PBXBuildFile; fileRef = 5BE3ACA426857F4900F9CE22 /* LaunchScreen.storyboard */; };
		5BE3ACB126857F4A00F9CE22 /* PasswordProtectorTests.swift in Sources */ = {isa = PBXBuildFile; fileRef = 5BE3ACB026857F4A00F9CE22 /* PasswordProtectorTests.swift */; };
		5BE3ACBC26857F4A00F9CE22 /* PasswordProtectorUITests.swift in Sources */ = {isa = PBXBuildFile; fileRef = 5BE3ACBB26857F4A00F9CE22 /* PasswordProtectorUITests.swift */; };
		5BE3ACD22685811400F9CE22 /* TabbedPane.swift in Sources */ = {isa = PBXBuildFile; fileRef = 5BE3ACD12685811400F9CE22 /* TabbedPane.swift */; };
		5BE3ACD4268581FF00F9CE22 /* PasswordGenerator.swift in Sources */ = {isa = PBXBuildFile; fileRef = 5BE3ACD3268581FF00F9CE22 /* PasswordGenerator.swift */; };
		5BE3ACD6268587E100F9CE22 /* GeneratePassword.swift in Sources */ = {isa = PBXBuildFile; fileRef = 5BE3ACD5268587E100F9CE22 /* GeneratePassword.swift */; };
		5BE3ACD926863EDC00F9CE22 /* CoreDataSaving.swift in Sources */ = {isa = PBXBuildFile; fileRef = 5BE3ACD826863EDC00F9CE22 /* CoreDataSaving.swift */; };
		5BE3ACDB2686415A00F9CE22 /* CoreDataFetching.swift in Sources */ = {isa = PBXBuildFile; fileRef = 5BE3ACDA2686415A00F9CE22 /* CoreDataFetching.swift */; };
		5BE3ACDD2686458B00F9CE22 /* PasswordLoader.swift in Sources */ = {isa = PBXBuildFile; fileRef = 5BE3ACDC2686458B00F9CE22 /* PasswordLoader.swift */; };
		5BE3ACE426864BE200F9CE22 /* PasswordTableViewCell.swift in Sources */ = {isa = PBXBuildFile; fileRef = 5BE3ACE226864BE200F9CE22 /* PasswordTableViewCell.swift */; };
		5BE3ACE526864BE200F9CE22 /* PasswordTableViewCell.xib in Resources */ = {isa = PBXBuildFile; fileRef = 5BE3ACE326864BE200F9CE22 /* PasswordTableViewCell.xib */; };
		5BE3ACE726865F2300F9CE22 /* CoreDataDeleting.swift in Sources */ = {isa = PBXBuildFile; fileRef = 5BE3ACE626865F2300F9CE22 /* CoreDataDeleting.swift */; };
		5BE3ACE9268668A700F9CE22 /* PasswordEncrypterDecrypter.swift in Sources */ = {isa = PBXBuildFile; fileRef = 5BE3ACE8268668A700F9CE22 /* PasswordEncrypterDecrypter.swift */; };
		5BE3ACED26869B4200F9CE22 /* SubstitutionEncryption.swift in Sources */ = {isa = PBXBuildFile; fileRef = 5BE3ACEC26869B4200F9CE22 /* SubstitutionEncryption.swift */; };
		5BE3ACEF2686A0C400F9CE22 /* SubEncryption.swift in Sources */ = {isa = PBXBuildFile; fileRef = 5BE3ACEE2686A0C400F9CE22 /* SubEncryption.swift */; };
		5BE3ACF12686B15300F9CE22 /* CaesarEncryption.swift in Sources */ = {isa = PBXBuildFile; fileRef = 5BE3ACF02686B15300F9CE22 /* CaesarEncryption.swift */; };
		5BE3ACF32687A25300F9CE22 /* CaesEncryption.swift in Sources */ = {isa = PBXBuildFile; fileRef = 5BE3ACF22687A25300F9CE22 /* CaesEncryption.swift */; };
		5BE3ACF72687D28700F9CE22 /* CaesarDecryption.swift in Sources */ = {isa = PBXBuildFile; fileRef = 5BE3ACF62687D28700F9CE22 /* CaesarDecryption.swift */; };
		5BE3ACF92687D42400F9CE22 /* CaesDecryption.swift in Sources */ = {isa = PBXBuildFile; fileRef = 5BE3ACF82687D42400F9CE22 /* CaesDecryption.swift */; };
		5BE3ACFB2687D5FF00F9CE22 /* SubsDecryption.swift in Sources */ = {isa = PBXBuildFile; fileRef = 5BE3ACFA2687D5FF00F9CE22 /* SubsDecryption.swift */; };
		5BE3ACFD2687D73000F9CE22 /* SubstitutionDecryption.swift in Sources */ = {isa = PBXBuildFile; fileRef = 5BE3ACFC2687D73000F9CE22 /* SubstitutionDecryption.swift */; };
		5BE629F726A5D2A3005AD6E0 /* SwipeController.swift in Sources */ = {isa = PBXBuildFile; fileRef = 5BE629F626A5D2A3005AD6E0 /* SwipeController.swift */; };
		5BE629FA26A5EABC005AD6E0 /* TOSController.swift in Sources */ = {isa = PBXBuildFile; fileRef = 5BE629F926A5EABC005AD6E0 /* TOSController.swift */; };
		5BE629FC26A5F22B005AD6E0 /* OWEL_TOS.pdf in Resources */ = {isa = PBXBuildFile; fileRef = 5BE629FB26A5F22B005AD6E0 /* OWEL_TOS.pdf */; };
/* End PBXBuildFile section */

/* Begin PBXContainerItemProxy section */
		5BE3ACAD26857F4A00F9CE22 /* PBXContainerItemProxy */ = {
			isa = PBXContainerItemProxy;
			containerPortal = 5BE3AC8B26857F4800F9CE22 /* Project object */;
			proxyType = 1;
			remoteGlobalIDString = 5BE3AC9226857F4800F9CE22;
			remoteInfo = PasswordProtector;
		};
		5BE3ACB826857F4A00F9CE22 /* PBXContainerItemProxy */ = {
			isa = PBXContainerItemProxy;
			containerPortal = 5BE3AC8B26857F4800F9CE22 /* Project object */;
			proxyType = 1;
			remoteGlobalIDString = 5BE3AC9226857F4800F9CE22;
			remoteInfo = PasswordProtector;
		};
/* End PBXContainerItemProxy section */

/* Begin PBXFileReference section */
		5B2A6599268A487800F25F8E /* QuickDecryption.swift */ = {isa = PBXFileReference; lastKnownFileType = sourcecode.swift; path = QuickDecryption.swift; sourceTree = "<group>"; };
		5B54B15D273ADAE40066B1CD /* ChainGeneration.swift */ = {isa = PBXFileReference; lastKnownFileType = sourcecode.swift; path = ChainGeneration.swift; sourceTree = "<group>"; };
		5B87318E26882D1000A75A3F /* README.md */ = {isa = PBXFileReference; lastKnownFileType = net.daringfireball.markdown; path = README.md; sourceTree = "<group>"; };
		5B8731932688EC0A00A75A3F /* CipherCall.swift */ = {isa = PBXFileReference; lastKnownFileType = sourcecode.swift; path = CipherCall.swift; sourceTree = "<group>"; };
		5B8731952688EC1400A75A3F /* CipherSend.swift */ = {isa = PBXFileReference; lastKnownFileType = sourcecode.swift; path = CipherSend.swift; sourceTree = "<group>"; };
		5B8731972688F1B100A75A3F /* QuickEncrypt.swift */ = {isa = PBXFileReference; lastKnownFileType = sourcecode.swift; path = QuickEncrypt.swift; sourceTree = "<group>"; };
		5B8731992688FE0900A75A3F /* Settings.swift */ = {isa = PBXFileReference; lastKnownFileType = sourcecode.swift; path = Settings.swift; sourceTree = "<group>"; };
		5B87319C2689488C00A75A3F /* Copy.swift */ = {isa = PBXFileReference; lastKnownFileType = sourcecode.swift; path = Copy.swift; sourceTree = "<group>"; };
		5B87319F26896F4400A75A3F /* CipherChanger.swift */ = {isa = PBXFileReference; lastKnownFileType = sourcecode.swift; path = CipherChanger.swift; sourceTree = "<group>"; };
		5BA09FAB2739BBA2000F6D8F /* ChainPasswordGenerator.swift */ = {isa = PBXFileReference; lastKnownFileType = sourcecode.swift; path = ChainPasswordGenerator.swift; sourceTree = "<group>"; };
		5BE3AC9326857F4800F9CE22 /* PasswordProtector.app */ = {isa = PBXFileReference; explicitFileType = wrapper.application; includeInIndex = 0; path = PasswordProtector.app; sourceTree = BUILT_PRODUCTS_DIR; };
		5BE3AC9626857F4800F9CE22 /* AppDelegate.swift */ = {isa = PBXFileReference; lastKnownFileType = sourcecode.swift; path = AppDelegate.swift; sourceTree = "<group>"; };
		5BE3AC9826857F4800F9CE22 /* SceneDelegate.swift */ = {isa = PBXFileReference; lastKnownFileType = sourcecode.swift; path = SceneDelegate.swift; sourceTree = "<group>"; };
		5BE3AC9A26857F4800F9CE22 /* ViewController.swift */ = {isa = PBXFileReference; lastKnownFileType = sourcecode.swift; path = ViewController.swift; sourceTree = "<group>"; };
		5BE3AC9D26857F4800F9CE22 /* Base */ = {isa = PBXFileReference; lastKnownFileType = file.storyboard; name = Base; path = Base.lproj/Main.storyboard; sourceTree = "<group>"; };
		5BE3ACA026857F4800F9CE22 /* PasswordProtector.xcdatamodel */ = {isa = PBXFileReference; lastKnownFileType = wrapper.xcdatamodel; path = PasswordProtector.xcdatamodel; sourceTree = "<group>"; };
		5BE3ACA226857F4900F9CE22 /* Assets.xcassets */ = {isa = PBXFileReference; lastKnownFileType = folder.assetcatalog; path = Assets.xcassets; sourceTree = "<group>"; };
		5BE3ACA526857F4900F9CE22 /* Base */ = {isa = PBXFileReference; lastKnownFileType = file.storyboard; name = Base; path = Base.lproj/LaunchScreen.storyboard; sourceTree = "<group>"; };
		5BE3ACA726857F4900F9CE22 /* Info.plist */ = {isa = PBXFileReference; lastKnownFileType = text.plist.xml; path = Info.plist; sourceTree = "<group>"; };
		5BE3ACAC26857F4A00F9CE22 /* PasswordProtectorTests.xctest */ = {isa = PBXFileReference; explicitFileType = wrapper.cfbundle; includeInIndex = 0; path = PasswordProtectorTests.xctest; sourceTree = BUILT_PRODUCTS_DIR; };
		5BE3ACB026857F4A00F9CE22 /* PasswordProtectorTests.swift */ = {isa = PBXFileReference; lastKnownFileType = sourcecode.swift; path = PasswordProtectorTests.swift; sourceTree = "<group>"; };
		5BE3ACB226857F4A00F9CE22 /* Info.plist */ = {isa = PBXFileReference; lastKnownFileType = text.plist.xml; path = Info.plist; sourceTree = "<group>"; };
		5BE3ACB726857F4A00F9CE22 /* PasswordProtectorUITests.xctest */ = {isa = PBXFileReference; explicitFileType = wrapper.cfbundle; includeInIndex = 0; path = PasswordProtectorUITests.xctest; sourceTree = BUILT_PRODUCTS_DIR; };
		5BE3ACBB26857F4A00F9CE22 /* PasswordProtectorUITests.swift */ = {isa = PBXFileReference; lastKnownFileType = sourcecode.swift; path = PasswordProtectorUITests.swift; sourceTree = "<group>"; };
		5BE3ACBD26857F4A00F9CE22 /* Info.plist */ = {isa = PBXFileReference; lastKnownFileType = text.plist.xml; path = Info.plist; sourceTree = "<group>"; };
		5BE3ACD12685811400F9CE22 /* TabbedPane.swift */ = {isa = PBXFileReference; lastKnownFileType = sourcecode.swift; path = TabbedPane.swift; sourceTree = "<group>"; };
		5BE3ACD3268581FF00F9CE22 /* PasswordGenerator.swift */ = {isa = PBXFileReference; lastKnownFileType = sourcecode.swift; path = PasswordGenerator.swift; sourceTree = "<group>"; };
		5BE3ACD5268587E100F9CE22 /* GeneratePassword.swift */ = {isa = PBXFileReference; lastKnownFileType = sourcecode.swift; path = GeneratePassword.swift; sourceTree = "<group>"; };
		5BE3ACD826863EDC00F9CE22 /* CoreDataSaving.swift */ = {isa = PBXFileReference; lastKnownFileType = sourcecode.swift; path = CoreDataSaving.swift; sourceTree = "<group>"; };
		5BE3ACDA2686415A00F9CE22 /* CoreDataFetching.swift */ = {isa = PBXFileReference; lastKnownFileType = sourcecode.swift; path = CoreDataFetching.swift; sourceTree = "<group>"; };
		5BE3ACDC2686458B00F9CE22 /* PasswordLoader.swift */ = {isa = PBXFileReference; lastKnownFileType = sourcecode.swift; path = PasswordLoader.swift; sourceTree = "<group>"; };
		5BE3ACE226864BE200F9CE22 /* PasswordTableViewCell.swift */ = {isa = PBXFileReference; lastKnownFileType = sourcecode.swift; path = PasswordTableViewCell.swift; sourceTree = "<group>"; };
		5BE3ACE326864BE200F9CE22 /* PasswordTableViewCell.xib */ = {isa = PBXFileReference; lastKnownFileType = file.xib; path = PasswordTableViewCell.xib; sourceTree = "<group>"; };
		5BE3ACE626865F2300F9CE22 /* CoreDataDeleting.swift */ = {isa = PBXFileReference; lastKnownFileType = sourcecode.swift; path = CoreDataDeleting.swift; sourceTree = "<group>"; };
		5BE3ACE8268668A700F9CE22 /* PasswordEncrypterDecrypter.swift */ = {isa = PBXFileReference; lastKnownFileType = sourcecode.swift; path = PasswordEncrypterDecrypter.swift; sourceTree = "<group>"; };
		5BE3ACEC26869B4200F9CE22 /* SubstitutionEncryption.swift */ = {isa = PBXFileReference; lastKnownFileType = sourcecode.swift; path = SubstitutionEncryption.swift; sourceTree = "<group>"; };
		5BE3ACEE2686A0C400F9CE22 /* SubEncryption.swift */ = {isa = PBXFileReference; lastKnownFileType = sourcecode.swift; path = SubEncryption.swift; sourceTree = "<group>"; };
		5BE3ACF02686B15300F9CE22 /* CaesarEncryption.swift */ = {isa = PBXFileReference; lastKnownFileType = sourcecode.swift; path = CaesarEncryption.swift; sourceTree = "<group>"; };
		5BE3ACF22687A25300F9CE22 /* CaesEncryption.swift */ = {isa = PBXFileReference; lastKnownFileType = sourcecode.swift; path = CaesEncryption.swift; sourceTree = "<group>"; };
		5BE3ACF62687D28700F9CE22 /* CaesarDecryption.swift */ = {isa = PBXFileReference; lastKnownFileType = sourcecode.swift; path = CaesarDecryption.swift; sourceTree = "<group>"; };
		5BE3ACF82687D42400F9CE22 /* CaesDecryption.swift */ = {isa = PBXFileReference; lastKnownFileType = sourcecode.swift; path = CaesDecryption.swift; sourceTree = "<group>"; };
		5BE3ACFA2687D5FF00F9CE22 /* SubsDecryption.swift */ = {isa = PBXFileReference; lastKnownFileType = sourcecode.swift; path = SubsDecryption.swift; sourceTree = "<group>"; };
		5BE3ACFC2687D73000F9CE22 /* SubstitutionDecryption.swift */ = {isa = PBXFileReference; lastKnownFileType = sourcecode.swift; path = SubstitutionDecryption.swift; sourceTree = "<group>"; };
		5BE629F626A5D2A3005AD6E0 /* SwipeController.swift */ = {isa = PBXFileReference; lastKnownFileType = sourcecode.swift; path = SwipeController.swift; sourceTree = "<group>"; };
		5BE629F826A5D8F8005AD6E0 /* PasswordProtector.entitlements */ = {isa = PBXFileReference; lastKnownFileType = text.plist.entitlements; path = PasswordProtector.entitlements; sourceTree = "<group>"; };
		5BE629F926A5EABC005AD6E0 /* TOSController.swift */ = {isa = PBXFileReference; lastKnownFileType = sourcecode.swift; path = TOSController.swift; sourceTree = "<group>"; };
		5BE629FB26A5F22B005AD6E0 /* OWEL_TOS.pdf */ = {isa = PBXFileReference; lastKnownFileType = image.pdf; path = OWEL_TOS.pdf; sourceTree = "<group>"; };
/* End PBXFileReference section */

/* Begin PBXFrameworksBuildPhase section */
		5BE3AC9026857F4800F9CE22 /* Frameworks */ = {
			isa = PBXFrameworksBuildPhase;
			buildActionMask = 2147483647;
			files = (
			);
			runOnlyForDeploymentPostprocessing = 0;
		};
		5BE3ACA926857F4A00F9CE22 /* Frameworks */ = {
			isa = PBXFrameworksBuildPhase;
			buildActionMask = 2147483647;
			files = (
			);
			runOnlyForDeploymentPostprocessing = 0;
		};
		5BE3ACB426857F4A00F9CE22 /* Frameworks */ = {
			isa = PBXFrameworksBuildPhase;
			buildActionMask = 2147483647;
			files = (
			);
			runOnlyForDeploymentPostprocessing = 0;
		};
/* End PBXFrameworksBuildPhase section */

/* Begin PBXGroup section */
		5B54B15B273ADACC0066B1CD /* Regular Password */ = {
			isa = PBXGroup;
			children = (
				5BE3ACD5268587E100F9CE22 /* GeneratePassword.swift */,
			);
			path = "Regular Password";
			sourceTree = "<group>";
		};
		5B54B15C273ADAD90066B1CD /* Chain Password */ = {
			isa = PBXGroup;
			children = (
				5B54B15D273ADAE40066B1CD /* ChainGeneration.swift */,
			);
			path = "Chain Password";
			sourceTree = "<group>";
		};
		5B8731922688EBFE00A75A3F /* Cipher CoreData */ = {
			isa = PBXGroup;
			children = (
				5B8731932688EC0A00A75A3F /* CipherCall.swift */,
				5B8731952688EC1400A75A3F /* CipherSend.swift */,
			);
			path = "Cipher CoreData";
			sourceTree = "<group>";
		};
		5B87319B2689487D00A75A3F /* Copy + Paste */ = {
			isa = PBXGroup;
			children = (
				5B87319C2689488C00A75A3F /* Copy.swift */,
			);
			path = "Copy + Paste";
			sourceTree = "<group>";
		};
		5B87319E26896F1E00A75A3F /* Cipher Changing */ = {
			isa = PBXGroup;
			children = (
				5B87319F26896F4400A75A3F /* CipherChanger.swift */,
			);
			path = "Cipher Changing";
			sourceTree = "<group>";
		};
		5BE3AC8A26857F4800F9CE22 = {
			isa = PBXGroup;
			children = (
				5BE3AC9526857F4800F9CE22 /* PasswordProtector */,
				5BE3ACAF26857F4A00F9CE22 /* PasswordProtectorTests */,
				5BE3ACBA26857F4A00F9CE22 /* PasswordProtectorUITests */,
				5BE3AC9426857F4800F9CE22 /* Products */,
			);
			sourceTree = "<group>";
		};
		5BE3AC9426857F4800F9CE22 /* Products */ = {
			isa = PBXGroup;
			children = (
				5BE3AC9326857F4800F9CE22 /* PasswordProtector.app */,
				5BE3ACAC26857F4A00F9CE22 /* PasswordProtectorTests.xctest */,
				5BE3ACB726857F4A00F9CE22 /* PasswordProtectorUITests.xctest */,
			);
			name = Products;
			sourceTree = "<group>";
		};
		5BE3AC9526857F4800F9CE22 /* PasswordProtector */ = {
			isa = PBXGroup;
			children = (
				5BE629F826A5D8F8005AD6E0 /* PasswordProtector.entitlements */,
				5BE629FB26A5F22B005AD6E0 /* OWEL_TOS.pdf */,
				5BE3ACCF26857FBD00F9CE22 /* View Controllers */,
				5BE3ACCA26857F8000F9CE22 /* Helpers */,
				5BE3AC9626857F4800F9CE22 /* AppDelegate.swift */,
				5BE3AC9826857F4800F9CE22 /* SceneDelegate.swift */,
				5BE3AC9A26857F4800F9CE22 /* ViewController.swift */,
				5BE3AC9C26857F4800F9CE22 /* Main.storyboard */,
				5BE3ACA226857F4900F9CE22 /* Assets.xcassets */,
				5BE3ACA426857F4900F9CE22 /* LaunchScreen.storyboard */,
				5BE3ACA726857F4900F9CE22 /* Info.plist */,
				5BE3AC9F26857F4800F9CE22 /* PasswordProtector.xcdatamodeld */,
				5B87318E26882D1000A75A3F /* README.md */,
			);
			path = PasswordProtector;
			sourceTree = "<group>";
		};
		5BE3ACAF26857F4A00F9CE22 /* PasswordProtectorTests */ = {
			isa = PBXGroup;
			children = (
				5BE3ACB026857F4A00F9CE22 /* PasswordProtectorTests.swift */,
				5BE3ACB226857F4A00F9CE22 /* Info.plist */,
			);
			path = PasswordProtectorTests;
			sourceTree = "<group>";
		};
		5BE3ACBA26857F4A00F9CE22 /* PasswordProtectorUITests */ = {
			isa = PBXGroup;
			children = (
				5BE3ACBB26857F4A00F9CE22 /* PasswordProtectorUITests.swift */,
				5BE3ACBD26857F4A00F9CE22 /* Info.plist */,
			);
			path = PasswordProtectorUITests;
			sourceTree = "<group>";
		};
		5BE3ACCA26857F8000F9CE22 /* Helpers */ = {
			isa = PBXGroup;
			children = (
				5B87319E26896F1E00A75A3F /* Cipher Changing */,
				5B87319B2689487D00A75A3F /* Copy + Paste */,
				5B8731922688EBFE00A75A3F /* Cipher CoreData */,
				5BE3ACE126864B7A00F9CE22 /* Cells */,
				5BE3ACD726863EC900F9CE22 /* Core Data */,
				5BE3ACD02685810200F9CE22 /* View Helpers */,
				5BE3ACCC26857F9400F9CE22 /* Encrypt + Decrypt Password */,
				5BE3ACCB26857F8800F9CE22 /* Generate Password */,
			);
			path = Helpers;
			sourceTree = "<group>";
		};
		5BE3ACCB26857F8800F9CE22 /* Generate Password */ = {
			isa = PBXGroup;
			children = (
				5B54B15C273ADAD90066B1CD /* Chain Password */,
				5B54B15B273ADACC0066B1CD /* Regular Password */,
			);
			path = "Generate Password";
			sourceTree = "<group>";
		};
		5BE3ACCC26857F9400F9CE22 /* Encrypt + Decrypt Password */ = {
			isa = PBXGroup;
			children = (
				5BE3ACEB26869B2B00F9CE22 /* Decrypt */,
				5BE3ACEA26869B2300F9CE22 /* Encrypt */,
			);
			path = "Encrypt + Decrypt Password";
			sourceTree = "<group>";
		};
		5BE3ACCF26857FBD00F9CE22 /* View Controllers */ = {
			isa = PBXGroup;
			children = (
				5BE3ACD3268581FF00F9CE22 /* PasswordGenerator.swift */,
				5BE3ACDC2686458B00F9CE22 /* PasswordLoader.swift */,
				5BE3ACE8268668A700F9CE22 /* PasswordEncrypterDecrypter.swift */,
				5BE3ACEE2686A0C400F9CE22 /* SubEncryption.swift */,
				5BE3ACF22687A25300F9CE22 /* CaesEncryption.swift */,
				5BE3ACF82687D42400F9CE22 /* CaesDecryption.swift */,
				5BE3ACFA2687D5FF00F9CE22 /* SubsDecryption.swift */,
				5B8731972688F1B100A75A3F /* QuickEncrypt.swift */,
				5B8731992688FE0900A75A3F /* Settings.swift */,
				5B2A6599268A487800F25F8E /* QuickDecryption.swift */,
				5BE629F626A5D2A3005AD6E0 /* SwipeController.swift */,
				5BE629F926A5EABC005AD6E0 /* TOSController.swift */,
				5BA09FAB2739BBA2000F6D8F /* ChainPasswordGenerator.swift */,
			);
			path = "View Controllers";
			sourceTree = "<group>";
		};
		5BE3ACD02685810200F9CE22 /* View Helpers */ = {
			isa = PBXGroup;
			children = (
				5BE3ACD12685811400F9CE22 /* TabbedPane.swift */,
			);
			path = "View Helpers";
			sourceTree = "<group>";
		};
		5BE3ACD726863EC900F9CE22 /* Core Data */ = {
			isa = PBXGroup;
			children = (
				5BE3ACD826863EDC00F9CE22 /* CoreDataSaving.swift */,
				5BE3ACDA2686415A00F9CE22 /* CoreDataFetching.swift */,
				5BE3ACE626865F2300F9CE22 /* CoreDataDeleting.swift */,
			);
			path = "Core Data";
			sourceTree = "<group>";
		};
		5BE3ACE126864B7A00F9CE22 /* Cells */ = {
			isa = PBXGroup;
			children = (
				5BE3ACE226864BE200F9CE22 /* PasswordTableViewCell.swift */,
				5BE3ACE326864BE200F9CE22 /* PasswordTableViewCell.xib */,
			);
			path = Cells;
			sourceTree = "<group>";
		};
		5BE3ACEA26869B2300F9CE22 /* Encrypt */ = {
			isa = PBXGroup;
			children = (
				5BE3ACEC26869B4200F9CE22 /* SubstitutionEncryption.swift */,
				5BE3ACF02686B15300F9CE22 /* CaesarEncryption.swift */,
			);
			path = Encrypt;
			sourceTree = "<group>";
		};
		5BE3ACEB26869B2B00F9CE22 /* Decrypt */ = {
			isa = PBXGroup;
			children = (
				5BE3ACF62687D28700F9CE22 /* CaesarDecryption.swift */,
				5BE3ACFC2687D73000F9CE22 /* SubstitutionDecryption.swift */,
			);
			path = Decrypt;
			sourceTree = "<group>";
		};
/* End PBXGroup section */

/* Begin PBXNativeTarget section */
		5BE3AC9226857F4800F9CE22 /* PasswordProtector */ = {
			isa = PBXNativeTarget;
			buildConfigurationList = 5BE3ACC026857F4A00F9CE22 /* Build configuration list for PBXNativeTarget "PasswordProtector" */;
			buildPhases = (
				5BE3AC8F26857F4800F9CE22 /* Sources */,
				5BE3AC9026857F4800F9CE22 /* Frameworks */,
				5BE3AC9126857F4800F9CE22 /* Resources */,
			);
			buildRules = (
			);
			dependencies = (
			);
			name = PasswordProtector;
			productName = PasswordProtector;
			productReference = 5BE3AC9326857F4800F9CE22 /* PasswordProtector.app */;
			productType = "com.apple.product-type.application";
		};
		5BE3ACAB26857F4A00F9CE22 /* PasswordProtectorTests */ = {
			isa = PBXNativeTarget;
			buildConfigurationList = 5BE3ACC326857F4A00F9CE22 /* Build configuration list for PBXNativeTarget "PasswordProtectorTests" */;
			buildPhases = (
				5BE3ACA826857F4A00F9CE22 /* Sources */,
				5BE3ACA926857F4A00F9CE22 /* Frameworks */,
				5BE3ACAA26857F4A00F9CE22 /* Resources */,
			);
			buildRules = (
			);
			dependencies = (
				5BE3ACAE26857F4A00F9CE22 /* PBXTargetDependency */,
			);
			name = PasswordProtectorTests;
			productName = PasswordProtectorTests;
			productReference = 5BE3ACAC26857F4A00F9CE22 /* PasswordProtectorTests.xctest */;
			productType = "com.apple.product-type.bundle.unit-test";
		};
		5BE3ACB626857F4A00F9CE22 /* PasswordProtectorUITests */ = {
			isa = PBXNativeTarget;
			buildConfigurationList = 5BE3ACC626857F4A00F9CE22 /* Build configuration list for PBXNativeTarget "PasswordProtectorUITests" */;
			buildPhases = (
				5BE3ACB326857F4A00F9CE22 /* Sources */,
				5BE3ACB426857F4A00F9CE22 /* Frameworks */,
				5BE3ACB526857F4A00F9CE22 /* Resources */,
			);
			buildRules = (
			);
			dependencies = (
				5BE3ACB926857F4A00F9CE22 /* PBXTargetDependency */,
			);
			name = PasswordProtectorUITests;
			productName = PasswordProtectorUITests;
			productReference = 5BE3ACB726857F4A00F9CE22 /* PasswordProtectorUITests.xctest */;
			productType = "com.apple.product-type.bundle.ui-testing";
		};
/* End PBXNativeTarget section */

/* Begin PBXProject section */
		5BE3AC8B26857F4800F9CE22 /* Project object */ = {
			isa = PBXProject;
			attributes = {
				LastSwiftUpdateCheck = 1250;
				LastUpgradeCheck = 1250;
				TargetAttributes = {
					5BE3AC9226857F4800F9CE22 = {
						CreatedOnToolsVersion = 12.5;
					};
					5BE3ACAB26857F4A00F9CE22 = {
						CreatedOnToolsVersion = 12.5;
						TestTargetID = 5BE3AC9226857F4800F9CE22;
					};
					5BE3ACB626857F4A00F9CE22 = {
						CreatedOnToolsVersion = 12.5;
						TestTargetID = 5BE3AC9226857F4800F9CE22;
					};
				};
			};
			buildConfigurationList = 5BE3AC8E26857F4800F9CE22 /* Build configuration list for PBXProject "PasswordProtector" */;
			compatibilityVersion = "Xcode 9.3";
			developmentRegion = en;
			hasScannedForEncodings = 0;
			knownRegions = (
				en,
				Base,
			);
			mainGroup = 5BE3AC8A26857F4800F9CE22;
			productRefGroup = 5BE3AC9426857F4800F9CE22 /* Products */;
			projectDirPath = "";
			projectRoot = "";
			targets = (
				5BE3AC9226857F4800F9CE22 /* PasswordProtector */,
				5BE3ACAB26857F4A00F9CE22 /* PasswordProtectorTests */,
				5BE3ACB626857F4A00F9CE22 /* PasswordProtectorUITests */,
			);
		};
/* End PBXProject section */

/* Begin PBXResourcesBuildPhase section */
		5BE3AC9126857F4800F9CE22 /* Resources */ = {
			isa = PBXResourcesBuildPhase;
			buildActionMask = 2147483647;
			files = (
				5BE3ACE526864BE200F9CE22 /* PasswordTableViewCell.xib in Resources */,
				5BE3ACA626857F4900F9CE22 /* LaunchScreen.storyboard in Resources */,
				5B87318F26882D1000A75A3F /* README.md in Resources */,
				5BE629FC26A5F22B005AD6E0 /* OWEL_TOS.pdf in Resources */,
				5BE3ACA326857F4900F9CE22 /* Assets.xcassets in Resources */,
				5BE3AC9E26857F4800F9CE22 /* Main.storyboard in Resources */,
			);
			runOnlyForDeploymentPostprocessing = 0;
		};
		5BE3ACAA26857F4A00F9CE22 /* Resources */ = {
			isa = PBXResourcesBuildPhase;
			buildActionMask = 2147483647;
			files = (
			);
			runOnlyForDeploymentPostprocessing = 0;
		};
		5BE3ACB526857F4A00F9CE22 /* Resources */ = {
			isa = PBXResourcesBuildPhase;
			buildActionMask = 2147483647;
			files = (
			);
			runOnlyForDeploymentPostprocessing = 0;
		};
/* End PBXResourcesBuildPhase section */

/* Begin PBXSourcesBuildPhase section */
		5BE3AC8F26857F4800F9CE22 /* Sources */ = {
			isa = PBXSourcesBuildPhase;
			buildActionMask = 2147483647;
			files = (
				5B8731962688EC1400A75A3F /* CipherSend.swift in Sources */,
				5BE629F726A5D2A3005AD6E0 /* SwipeController.swift in Sources */,
				5BE3ACE426864BE200F9CE22 /* PasswordTableViewCell.swift in Sources */,
				5BE3AC9B26857F4800F9CE22 /* ViewController.swift in Sources */,
				5BE3AC9726857F4800F9CE22 /* AppDelegate.swift in Sources */,
				5BE3ACEF2686A0C400F9CE22 /* SubEncryption.swift in Sources */,
				5BE629FA26A5EABC005AD6E0 /* TOSController.swift in Sources */,
				5BE3ACD926863EDC00F9CE22 /* CoreDataSaving.swift in Sources */,
				5BE3ACFB2687D5FF00F9CE22 /* SubsDecryption.swift in Sources */,
				5BE3ACF92687D42400F9CE22 /* CaesDecryption.swift in Sources */,
				5B54B15E273ADAE40066B1CD /* ChainGeneration.swift in Sources */,
				5BA09FAC2739BBA2000F6D8F /* ChainPasswordGenerator.swift in Sources */,
				5BE3ACED26869B4200F9CE22 /* SubstitutionEncryption.swift in Sources */,
				5B87319A2688FE0900A75A3F /* Settings.swift in Sources */,
				5B2A659A268A487800F25F8E /* QuickDecryption.swift in Sources */,
				5BE3ACF32687A25300F9CE22 /* CaesEncryption.swift in Sources */,
				5BE3ACE9268668A700F9CE22 /* PasswordEncrypterDecrypter.swift in Sources */,
				5BE3ACD4268581FF00F9CE22 /* PasswordGenerator.swift in Sources */,
				5BE3ACFD2687D73000F9CE22 /* SubstitutionDecryption.swift in Sources */,
				5BE3ACF72687D28700F9CE22 /* CaesarDecryption.swift in Sources */,
				5BE3ACD22685811400F9CE22 /* TabbedPane.swift in Sources */,
				5B8731A026896F4400A75A3F /* CipherChanger.swift in Sources */,
				5B8731982688F1B100A75A3F /* QuickEncrypt.swift in Sources */,
				5BE3ACDB2686415A00F9CE22 /* CoreDataFetching.swift in Sources */,
				5BE3AC9926857F4800F9CE22 /* SceneDelegate.swift in Sources */,
				5BE3ACF12686B15300F9CE22 /* CaesarEncryption.swift in Sources */,
				5B87319D2689488C00A75A3F /* Copy.swift in Sources */,
				5BE3ACA126857F4800F9CE22 /* PasswordProtector.xcdatamodeld in Sources */,
				5B8731942688EC0A00A75A3F /* CipherCall.swift in Sources */,
				5BE3ACD6268587E100F9CE22 /* GeneratePassword.swift in Sources */,
				5BE3ACDD2686458B00F9CE22 /* PasswordLoader.swift in Sources */,
				5BE3ACE726865F2300F9CE22 /* CoreDataDeleting.swift in Sources */,
			);
			runOnlyForDeploymentPostprocessing = 0;
		};
		5BE3ACA826857F4A00F9CE22 /* Sources */ = {
			isa = PBXSourcesBuildPhase;
			buildActionMask = 2147483647;
			files = (
				5BE3ACB126857F4A00F9CE22 /* PasswordProtectorTests.swift in Sources */,
			);
			runOnlyForDeploymentPostprocessing = 0;
		};
		5BE3ACB326857F4A00F9CE22 /* Sources */ = {
			isa = PBXSourcesBuildPhase;
			buildActionMask = 2147483647;
			files = (
				5BE3ACBC26857F4A00F9CE22 /* PasswordProtectorUITests.swift in Sources */,
			);
			runOnlyForDeploymentPostprocessing = 0;
		};
/* End PBXSourcesBuildPhase section */

/* Begin PBXTargetDependency section */
		5BE3ACAE26857F4A00F9CE22 /* PBXTargetDependency */ = {
			isa = PBXTargetDependency;
			target = 5BE3AC9226857F4800F9CE22 /* PasswordProtector */;
			targetProxy = 5BE3ACAD26857F4A00F9CE22 /* PBXContainerItemProxy */;
		};
		5BE3ACB926857F4A00F9CE22 /* PBXTargetDependency */ = {
			isa = PBXTargetDependency;
			target = 5BE3AC9226857F4800F9CE22 /* PasswordProtector */;
			targetProxy = 5BE3ACB826857F4A00F9CE22 /* PBXContainerItemProxy */;
		};
/* End PBXTargetDependency section */

/* Begin PBXVariantGroup section */
		5BE3AC9C26857F4800F9CE22 /* Main.storyboard */ = {
			isa = PBXVariantGroup;
			children = (
				5BE3AC9D26857F4800F9CE22 /* Base */,
			);
			name = Main.storyboard;
			sourceTree = "<group>";
		};
		5BE3ACA426857F4900F9CE22 /* LaunchScreen.storyboard */ = {
			isa = PBXVariantGroup;
			children = (
				5BE3ACA526857F4900F9CE22 /* Base */,
			);
			name = LaunchScreen.storyboard;
			sourceTree = "<group>";
		};
/* End PBXVariantGroup section */

/* Begin XCBuildConfiguration section */
		5BE3ACBE26857F4A00F9CE22 /* Debug */ = {
			isa = XCBuildConfiguration;
			buildSettings = {
				ALWAYS_SEARCH_USER_PATHS = NO;
				CLANG_ANALYZER_NONNULL = YES;
				CLANG_ANALYZER_NUMBER_OBJECT_CONVERSION = YES_AGGRESSIVE;
				CLANG_CXX_LANGUAGE_STANDARD = "gnu++14";
				CLANG_CXX_LIBRARY = "libc++";
				CLANG_ENABLE_MODULES = YES;
				CLANG_ENABLE_OBJC_ARC = YES;
				CLANG_ENABLE_OBJC_WEAK = YES;
				CLANG_WARN_BLOCK_CAPTURE_AUTORELEASING = YES;
				CLANG_WARN_BOOL_CONVERSION = YES;
				CLANG_WARN_COMMA = YES;
				CLANG_WARN_CONSTANT_CONVERSION = YES;
				CLANG_WARN_DEPRECATED_OBJC_IMPLEMENTATIONS = YES;
				CLANG_WARN_DIRECT_OBJC_ISA_USAGE = YES_ERROR;
				CLANG_WARN_DOCUMENTATION_COMMENTS = YES;
				CLANG_WARN_EMPTY_BODY = YES;
				CLANG_WARN_ENUM_CONVERSION = YES;
				CLANG_WARN_INFINITE_RECURSION = YES;
				CLANG_WARN_INT_CONVERSION = YES;
				CLANG_WARN_NON_LITERAL_NULL_CONVERSION = YES;
				CLANG_WARN_OBJC_IMPLICIT_RETAIN_SELF = YES;
				CLANG_WARN_OBJC_LITERAL_CONVERSION = YES;
				CLANG_WARN_OBJC_ROOT_CLASS = YES_ERROR;
				CLANG_WARN_QUOTED_INCLUDE_IN_FRAMEWORK_HEADER = YES;
				CLANG_WARN_RANGE_LOOP_ANALYSIS = YES;
				CLANG_WARN_STRICT_PROTOTYPES = YES;
				CLANG_WARN_SUSPICIOUS_MOVE = YES;
				CLANG_WARN_UNGUARDED_AVAILABILITY = YES_AGGRESSIVE;
				CLANG_WARN_UNREACHABLE_CODE = YES;
				CLANG_WARN__DUPLICATE_METHOD_MATCH = YES;
				COPY_PHASE_STRIP = NO;
				DEBUG_INFORMATION_FORMAT = dwarf;
				ENABLE_STRICT_OBJC_MSGSEND = YES;
				ENABLE_TESTABILITY = YES;
				GCC_C_LANGUAGE_STANDARD = gnu11;
				GCC_DYNAMIC_NO_PIC = NO;
				GCC_NO_COMMON_BLOCKS = YES;
				GCC_OPTIMIZATION_LEVEL = 0;
				GCC_PREPROCESSOR_DEFINITIONS = (
					"DEBUG=1",
					"$(inherited)",
				);
				GCC_WARN_64_TO_32_BIT_CONVERSION = YES;
				GCC_WARN_ABOUT_RETURN_TYPE = YES_ERROR;
				GCC_WARN_UNDECLARED_SELECTOR = YES;
				GCC_WARN_UNINITIALIZED_AUTOS = YES_AGGRESSIVE;
				GCC_WARN_UNUSED_FUNCTION = YES;
				GCC_WARN_UNUSED_VARIABLE = YES;
				IPHONEOS_DEPLOYMENT_TARGET = 13.0;
				MTL_ENABLE_DEBUG_INFO = INCLUDE_SOURCE;
				MTL_FAST_MATH = YES;
				ONLY_ACTIVE_ARCH = YES;
				SDKROOT = iphoneos;
				SWIFT_ACTIVE_COMPILATION_CONDITIONS = DEBUG;
				SWIFT_OPTIMIZATION_LEVEL = "-Onone";
			};
			name = Debug;
		};
		5BE3ACBF26857F4A00F9CE22 /* Release */ = {
			isa = XCBuildConfiguration;
			buildSettings = {
				ALWAYS_SEARCH_USER_PATHS = NO;
				CLANG_ANALYZER_NONNULL = YES;
				CLANG_ANALYZER_NUMBER_OBJECT_CONVERSION = YES_AGGRESSIVE;
				CLANG_CXX_LANGUAGE_STANDARD = "gnu++14";
				CLANG_CXX_LIBRARY = "libc++";
				CLANG_ENABLE_MODULES = YES;
				CLANG_ENABLE_OBJC_ARC = YES;
				CLANG_ENABLE_OBJC_WEAK = YES;
				CLANG_WARN_BLOCK_CAPTURE_AUTORELEASING = YES;
				CLANG_WARN_BOOL_CONVERSION = YES;
				CLANG_WARN_COMMA = YES;
				CLANG_WARN_CONSTANT_CONVERSION = YES;
				CLANG_WARN_DEPRECATED_OBJC_IMPLEMENTATIONS = YES;
				CLANG_WARN_DIRECT_OBJC_ISA_USAGE = YES_ERROR;
				CLANG_WARN_DOCUMENTATION_COMMENTS = YES;
				CLANG_WARN_EMPTY_BODY = YES;
				CLANG_WARN_ENUM_CONVERSION = YES;
				CLANG_WARN_INFINITE_RECURSION = YES;
				CLANG_WARN_INT_CONVERSION = YES;
				CLANG_WARN_NON_LITERAL_NULL_CONVERSION = YES;
				CLANG_WARN_OBJC_IMPLICIT_RETAIN_SELF = YES;
				CLANG_WARN_OBJC_LITERAL_CONVERSION = YES;
				CLANG_WARN_OBJC_ROOT_CLASS = YES_ERROR;
				CLANG_WARN_QUOTED_INCLUDE_IN_FRAMEWORK_HEADER = YES;
				CLANG_WARN_RANGE_LOOP_ANALYSIS = YES;
				CLANG_WARN_STRICT_PROTOTYPES = YES;
				CLANG_WARN_SUSPICIOUS_MOVE = YES;
				CLANG_WARN_UNGUARDED_AVAILABILITY = YES_AGGRESSIVE;
				CLANG_WARN_UNREACHABLE_CODE = YES;
				CLANG_WARN__DUPLICATE_METHOD_MATCH = YES;
				COPY_PHASE_STRIP = NO;
				DEBUG_INFORMATION_FORMAT = "dwarf-with-dsym";
				ENABLE_NS_ASSERTIONS = NO;
				ENABLE_STRICT_OBJC_MSGSEND = YES;
				GCC_C_LANGUAGE_STANDARD = gnu11;
				GCC_NO_COMMON_BLOCKS = YES;
				GCC_WARN_64_TO_32_BIT_CONVERSION = YES;
				GCC_WARN_ABOUT_RETURN_TYPE = YES_ERROR;
				GCC_WARN_UNDECLARED_SELECTOR = YES;
				GCC_WARN_UNINITIALIZED_AUTOS = YES_AGGRESSIVE;
				GCC_WARN_UNUSED_FUNCTION = YES;
				GCC_WARN_UNUSED_VARIABLE = YES;
				IPHONEOS_DEPLOYMENT_TARGET = 13.0;
				MTL_ENABLE_DEBUG_INFO = NO;
				MTL_FAST_MATH = YES;
				SDKROOT = iphoneos;
				SWIFT_COMPILATION_MODE = wholemodule;
				SWIFT_OPTIMIZATION_LEVEL = "-O";
				VALIDATE_PRODUCT = YES;
			};
			name = Release;
		};
		5BE3ACC126857F4A00F9CE22 /* Debug */ = {
			isa = XCBuildConfiguration;
			buildSettings = {
				ASSETCATALOG_COMPILER_APPICON_NAME = AppIcon;
				ASSETCATALOG_COMPILER_GLOBAL_ACCENT_COLOR_NAME = AccentColor;
				CODE_SIGN_ENTITLEMENTS = PasswordProtector/PasswordProtector.entitlements;
				CODE_SIGN_STYLE = Automatic;
				DEVELOPMENT_TEAM = 7B6A868M7K;
				INFOPLIST_FILE = PasswordProtector/Info.plist;
				LD_RUNPATH_SEARCH_PATHS = (
					"$(inherited)",
					"@executable_path/Frameworks",
				);
				MARKETING_VERSION = 1.2;
				PRODUCT_BUNDLE_IDENTIFIER = com.RW.owel;
				PRODUCT_NAME = "$(TARGET_NAME)";
				SWIFT_VERSION = 5.0;
				TARGETED_DEVICE_FAMILY = "1,2";
			};
			name = Debug;
		};
		5BE3ACC226857F4A00F9CE22 /* Release */ = {
			isa = XCBuildConfiguration;
			buildSettings = {
				ASSETCATALOG_COMPILER_APPICON_NAME = AppIcon;
				ASSETCATALOG_COMPILER_GLOBAL_ACCENT_COLOR_NAME = AccentColor;
				CODE_SIGN_ENTITLEMENTS = PasswordProtector/PasswordProtector.entitlements;
				CODE_SIGN_STYLE = Automatic;
				DEVELOPMENT_TEAM = 7B6A868M7K;
				INFOPLIST_FILE = PasswordProtector/Info.plist;
				LD_RUNPATH_SEARCH_PATHS = (
					"$(inherited)",
					"@executable_path/Frameworks",
				);
				MARKETING_VERSION = 1.2;
				PRODUCT_BUNDLE_IDENTIFIER = com.RW.owel;
				PRODUCT_NAME = "$(TARGET_NAME)";
				SWIFT_VERSION = 5.0;
				TARGETED_DEVICE_FAMILY = "1,2";
			};
			name = Release;
		};
		5BE3ACC426857F4A00F9CE22 /* Debug */ = {
			isa = XCBuildConfiguration;
			buildSettings = {
				ALWAYS_EMBED_SWIFT_STANDARD_LIBRARIES = YES;
				BUNDLE_LOADER = "$(TEST_HOST)";
				CODE_SIGN_STYLE = Automatic;
				DEVELOPMENT_TEAM = 7B6A868M7K;
				INFOPLIST_FILE = PasswordProtectorTests/Info.plist;
				IPHONEOS_DEPLOYMENT_TARGET = 14.5;
				LD_RUNPATH_SEARCH_PATHS = (
					"$(inherited)",
					"@executable_path/Frameworks",
					"@loader_path/Frameworks",
				);
				PRODUCT_BUNDLE_IDENTIFIER = com.RW.PasswordProtectorTests;
				PRODUCT_NAME = "$(TARGET_NAME)";
				SWIFT_VERSION = 5.0;
				TARGETED_DEVICE_FAMILY = "1,2";
				TEST_HOST = "$(BUILT_PRODUCTS_DIR)/PasswordProtector.app/PasswordProtector";
			};
			name = Debug;
		};
		5BE3ACC526857F4A00F9CE22 /* Release */ = {
			isa = XCBuildConfiguration;
			buildSettings = {
				ALWAYS_EMBED_SWIFT_STANDARD_LIBRARIES = YES;
				BUNDLE_LOADER = "$(TEST_HOST)";
				CODE_SIGN_STYLE = Automatic;
				DEVELOPMENT_TEAM = 7B6A868M7K;
				INFOPLIST_FILE = PasswordProtectorTests/Info.plist;
				IPHONEOS_DEPLOYMENT_TARGET = 14.5;
				LD_RUNPATH_SEARCH_PATHS = (
					"$(inherited)",
					"@executable_path/Frameworks",
					"@loader_path/Frameworks",
				);
				PRODUCT_BUNDLE_IDENTIFIER = com.RW.PasswordProtectorTests;
				PRODUCT_NAME = "$(TARGET_NAME)";
				SWIFT_VERSION = 5.0;
				TARGETED_DEVICE_FAMILY = "1,2";
				TEST_HOST = "$(BUILT_PRODUCTS_DIR)/PasswordProtector.app/PasswordProtector";
			};
			name = Release;
		};
		5BE3ACC726857F4A00F9CE22 /* Debug */ = {
			isa = XCBuildConfiguration;
			buildSettings = {
				ALWAYS_EMBED_SWIFT_STANDARD_LIBRARIES = YES;
				CODE_SIGN_STYLE = Automatic;
				DEVELOPMENT_TEAM = 7B6A868M7K;
				INFOPLIST_FILE = PasswordProtectorUITests/Info.plist;
				LD_RUNPATH_SEARCH_PATHS = (
					"$(inherited)",
					"@executable_path/Frameworks",
					"@loader_path/Frameworks",
				);
				PRODUCT_BUNDLE_IDENTIFIER = com.RW.PasswordProtectorUITests;
				PRODUCT_NAME = "$(TARGET_NAME)";
				SWIFT_VERSION = 5.0;
				TARGETED_DEVICE_FAMILY = "1,2";
				TEST_TARGET_NAME = PasswordProtector;
			};
			name = Debug;
		};
		5BE3ACC826857F4A00F9CE22 /* Release */ = {
			isa = XCBuildConfiguration;
			buildSettings = {
				ALWAYS_EMBED_SWIFT_STANDARD_LIBRARIES = YES;
				CODE_SIGN_STYLE = Automatic;
				DEVELOPMENT_TEAM = 7B6A868M7K;
				INFOPLIST_FILE = PasswordProtectorUITests/Info.plist;
				LD_RUNPATH_SEARCH_PATHS = (
					"$(inherited)",
					"@executable_path/Frameworks",
					"@loader_path/Frameworks",
				);
				PRODUCT_BUNDLE_IDENTIFIER = com.RW.PasswordProtectorUITests;
				PRODUCT_NAME = "$(TARGET_NAME)";
				SWIFT_VERSION = 5.0;
				TARGETED_DEVICE_FAMILY = "1,2";
				TEST_TARGET_NAME = PasswordProtector;
			};
			name = Release;
		};
/* End XCBuildConfiguration section */

/* Begin XCConfigurationList section */
		5BE3AC8E26857F4800F9CE22 /* Build configuration list for PBXProject "PasswordProtector" */ = {
			isa = XCConfigurationList;
			buildConfigurations = (
				5BE3ACBE26857F4A00F9CE22 /* Debug */,
				5BE3ACBF26857F4A00F9CE22 /* Release */,
			);
			defaultConfigurationIsVisible = 0;
			defaultConfigurationName = Release;
		};
		5BE3ACC026857F4A00F9CE22 /* Build configuration list for PBXNativeTarget "PasswordProtector" */ = {
			isa = XCConfigurationList;
			buildConfigurations = (
				5BE3ACC126857F4A00F9CE22 /* Debug */,
				5BE3ACC226857F4A00F9CE22 /* Release */,
			);
			defaultConfigurationIsVisible = 0;
			defaultConfigurationName = Release;
		};
		5BE3ACC326857F4A00F9CE22 /* Build configuration list for PBXNativeTarget "PasswordProtectorTests" */ = {
			isa = XCConfigurationList;
			buildConfigurations = (
				5BE3ACC426857F4A00F9CE22 /* Debug */,
				5BE3ACC526857F4A00F9CE22 /* Release */,
			);
			defaultConfigurationIsVisible = 0;
			defaultConfigurationName = Release;
		};
		5BE3ACC626857F4A00F9CE22 /* Build configuration list for PBXNativeTarget "PasswordProtectorUITests" */ = {
			isa = XCConfigurationList;
			buildConfigurations = (
				5BE3ACC726857F4A00F9CE22 /* Debug */,
				5BE3ACC826857F4A00F9CE22 /* Release */,
			);
			defaultConfigurationIsVisible = 0;
			defaultConfigurationName = Release;
		};
/* End XCConfigurationList section */

/* Begin XCVersionGroup section */
		5BE3AC9F26857F4800F9CE22 /* PasswordProtector.xcdatamodeld */ = {
			isa = XCVersionGroup;
			children = (
				5BE3ACA026857F4800F9CE22 /* PasswordProtector.xcdatamodel */,
			);
			currentVersion = 5BE3ACA026857F4800F9CE22 /* PasswordProtector.xcdatamodel */;
			path = PasswordProtector.xcdatamodeld;
			sourceTree = "<group>";
			versionGroupType = wrapper.xcdatamodel;
		};
/* End XCVersionGroup section */
	};
	rootObject = 5BE3AC8B26857F4800F9CE22 /* Project object */;
}
